// !$*UTF8*$!
{
	archiveVersion = 1;
	classes = {
	};
	objectVersion = 51;
	objects = {

/* Begin PBXBuildFile section */
		699A130DA70AADFEE241186A /* Pods_cp6_2.framework in Frameworks */ = {isa = PBXBuildFile; fileRef = 37DDAB8BEECCD8C7A92B1C40 /* Pods_cp6_2.framework */; };
		8FDC3FA1232C7F0A0081B7F1 /* AppDelegate.swift in Sources */ = {isa = PBXBuildFile; fileRef = 8FDC3FA0232C7F0A0081B7F1 /* AppDelegate.swift */; };
		8FDC3FA6232C7F0A0081B7F1 /* Main.storyboard in Resources */ = {isa = PBXBuildFile; fileRef = 8FDC3FA4232C7F0A0081B7F1 /* Main.storyboard */; };
		8FDC3FA9232C7F0A0081B7F1 /* cp6_2.xcdatamodeld in Sources */ = {isa = PBXBuildFile; fileRef = 8FDC3FA7232C7F0A0081B7F1 /* cp6_2.xcdatamodeld */; };
		8FDC3FAB232C7F0A0081B7F1 /* Assets.xcassets in Resources */ = {isa = PBXBuildFile; fileRef = 8FDC3FAA232C7F0A0081B7F1 /* Assets.xcassets */; };
		8FDC3FAE232C7F0A0081B7F1 /* LaunchScreen.storyboard in Resources */ = {isa = PBXBuildFile; fileRef = 8FDC3FAC232C7F0A0081B7F1 /* LaunchScreen.storyboard */; };
		8FDC3FB7232C7F480081B7F1 /* TopViewController.swift in Sources */ = {isa = PBXBuildFile; fileRef = 8FDC3FB5232C7F480081B7F1 /* TopViewController.swift */; };
		8FDC3FB8232C7F480081B7F1 /* TopViewController.xib in Resources */ = {isa = PBXBuildFile; fileRef = 8FDC3FB6232C7F480081B7F1 /* TopViewController.xib */; };
		8FDC3FBB232C7F710081B7F1 /* TopMainView.swift in Sources */ = {isa = PBXBuildFile; fileRef = 8FDC3FB9232C7F710081B7F1 /* TopMainView.swift */; };
		8FDC3FBC232C7F710081B7F1 /* TopMainView.xib in Resources */ = {isa = PBXBuildFile; fileRef = 8FDC3FBA232C7F710081B7F1 /* TopMainView.xib */; };
		8FDC3FBF232C7FDE0081B7F1 /* TopMainCollectionViewCell.swift in Sources */ = {isa = PBXBuildFile; fileRef = 8FDC3FBD232C7FDE0081B7F1 /* TopMainCollectionViewCell.swift */; };
		8FDC3FC0232C7FDE0081B7F1 /* TopMainCollectionViewCell.xib in Resources */ = {isa = PBXBuildFile; fileRef = 8FDC3FBE232C7FDE0081B7F1 /* TopMainCollectionViewCell.xib */; };
/* End PBXBuildFile section */

/* Begin PBXFileReference section */
		07F7276B9C28DC79B5C2BE57 /* Pods-cp6-2.release.xcconfig */ = {isa = PBXFileReference; includeInIndex = 1; lastKnownFileType = text.xcconfig; name = "Pods-cp6-2.release.xcconfig"; path = "Target Support Files/Pods-cp6-2/Pods-cp6-2.release.xcconfig"; sourceTree = "<group>"; };
		37DDAB8BEECCD8C7A92B1C40 /* Pods_cp6_2.framework */ = {isa = PBXFileReference; explicitFileType = wrapper.framework; includeInIndex = 0; path = Pods_cp6_2.framework; sourceTree = BUILT_PRODUCTS_DIR; };
		8C7E6F4ED61BC225824B00C5 /* Pods-cp6-2.debug.xcconfig */ = {isa = PBXFileReference; includeInIndex = 1; lastKnownFileType = text.xcconfig; name = "Pods-cp6-2.debug.xcconfig"; path = "Target Support Files/Pods-cp6-2/Pods-cp6-2.debug.xcconfig"; sourceTree = "<group>"; };
		8FDC3F9D232C7F0A0081B7F1 /* cp6-2.app */ = {isa = PBXFileReference; explicitFileType = wrapper.application; includeInIndex = 0; path = "cp6-2.app"; sourceTree = BUILT_PRODUCTS_DIR; };
		8FDC3FA0232C7F0A0081B7F1 /* AppDelegate.swift */ = {isa = PBXFileReference; lastKnownFileType = sourcecode.swift; path = AppDelegate.swift; sourceTree = "<group>"; };
		8FDC3FA5232C7F0A0081B7F1 /* Base */ = {isa = PBXFileReference; lastKnownFileType = file.storyboard; name = Base; path = Base.lproj/Main.storyboard; sourceTree = "<group>"; };
		8FDC3FA8232C7F0A0081B7F1 /* cp6_2.xcdatamodel */ = {isa = PBXFileReference; lastKnownFileType = wrapper.xcdatamodel; path = cp6_2.xcdatamodel; sourceTree = "<group>"; };
		8FDC3FAA232C7F0A0081B7F1 /* Assets.xcassets */ = {isa = PBXFileReference; lastKnownFileType = folder.assetcatalog; path = Assets.xcassets; sourceTree = "<group>"; };
		8FDC3FAD232C7F0A0081B7F1 /* Base */ = {isa = PBXFileReference; lastKnownFileType = file.storyboard; name = Base; path = Base.lproj/LaunchScreen.storyboard; sourceTree = "<group>"; };
		8FDC3FAF232C7F0A0081B7F1 /* Info.plist */ = {isa = PBXFileReference; lastKnownFileType = text.plist.xml; path = Info.plist; sourceTree = "<group>"; };
		8FDC3FB5232C7F480081B7F1 /* TopViewController.swift */ = {isa = PBXFileReference; lastKnownFileType = sourcecode.swift; path = TopViewController.swift; sourceTree = "<group>"; };
		8FDC3FB6232C7F480081B7F1 /* TopViewController.xib */ = {isa = PBXFileReference; lastKnownFileType = file.xib; path = TopViewController.xib; sourceTree = "<group>"; };
		8FDC3FB9232C7F710081B7F1 /* TopMainView.swift */ = {isa = PBXFileReference; lastKnownFileType = sourcecode.swift; path = TopMainView.swift; sourceTree = "<group>"; };
		8FDC3FBA232C7F710081B7F1 /* TopMainView.xib */ = {isa = PBXFileReference; lastKnownFileType = file.xib; path = TopMainView.xib; sourceTree = "<group>"; };
		8FDC3FBD232C7FDE0081B7F1 /* TopMainCollectionViewCell.swift */ = {isa = PBXFileReference; lastKnownFileType = sourcecode.swift; path = TopMainCollectionViewCell.swift; sourceTree = "<group>"; };
		8FDC3FBE232C7FDE0081B7F1 /* TopMainCollectionViewCell.xib */ = {isa = PBXFileReference; lastKnownFileType = file.xib; path = TopMainCollectionViewCell.xib; sourceTree = "<group>"; };
/* End PBXFileReference section */

/* Begin PBXFrameworksBuildPhase section */
		8FDC3F9A232C7F0A0081B7F1 /* Frameworks */ = {
			isa = PBXFrameworksBuildPhase;
			buildActionMask = 2147483647;
			files = (
				699A130DA70AADFEE241186A /* Pods_cp6_2.framework in Frameworks */,
			);
			runOnlyForDeploymentPostprocessing = 0;
		};
/* End PBXFrameworksBuildPhase section */

/* Begin PBXGroup section */
		02CD3B6D4D7FFC3774D2601F /* Pods */ = {
			isa = PBXGroup;
			children = (
				8C7E6F4ED61BC225824B00C5 /* Pods-cp6-2.debug.xcconfig */,
				07F7276B9C28DC79B5C2BE57 /* Pods-cp6-2.release.xcconfig */,
			);
			path = Pods;
			sourceTree = "<group>";
		};
		457B0772952A603BB734EE40 /* Frameworks */ = {
			isa = PBXGroup;
			children = (
				37DDAB8BEECCD8C7A92B1C40 /* Pods_cp6_2.framework */,
			);
			name = Frameworks;
			sourceTree = "<group>";
		};
		8FDC3F94232C7F0A0081B7F1 = {
			isa = PBXGroup;
			children = (
				8FDC3F9F232C7F0A0081B7F1 /* cp6-2 */,
				8FDC3F9E232C7F0A0081B7F1 /* Products */,
				02CD3B6D4D7FFC3774D2601F /* Pods */,
				457B0772952A603BB734EE40 /* Frameworks */,
			);
			sourceTree = "<group>";
		};
		8FDC3F9E232C7F0A0081B7F1 /* Products */ = {
			isa = PBXGroup;
			children = (
				8FDC3F9D232C7F0A0081B7F1 /* cp6-2.app */,
			);
			name = Products;
			sourceTree = "<group>";
		};
		8FDC3F9F232C7F0A0081B7F1 /* cp6-2 */ = {
			isa = PBXGroup;
			children = (
				8FDC3FA0232C7F0A0081B7F1 /* AppDelegate.swift */,
				8FDC3FA4232C7F0A0081B7F1 /* Main.storyboard */,
				8FDC3FAA232C7F0A0081B7F1 /* Assets.xcassets */,
				8FDC3FAC232C7F0A0081B7F1 /* LaunchScreen.storyboard */,
				8FDC3FAF232C7F0A0081B7F1 /* Info.plist */,
				8FDC3FA7232C7F0A0081B7F1 /* cp6_2.xcdatamodeld */,
				8FDC3FB5232C7F480081B7F1 /* TopViewController.swift */,
				8FDC3FB6232C7F480081B7F1 /* TopViewController.xib */,
				8FDC3FB9232C7F710081B7F1 /* TopMainView.swift */,
				8FDC3FBA232C7F710081B7F1 /* TopMainView.xib */,
				8FDC3FBD232C7FDE0081B7F1 /* TopMainCollectionViewCell.swift */,
				8FDC3FBE232C7FDE0081B7F1 /* TopMainCollectionViewCell.xib */,
			);
			path = "cp6-2";
			sourceTree = "<group>";
		};
/* End PBXGroup section */

/* Begin PBXNativeTarget section */
		8FDC3F9C232C7F0A0081B7F1 /* cp6-2 */ = {
			isa = PBXNativeTarget;
			buildConfigurationList = 8FDC3FB2232C7F0A0081B7F1 /* Build configuration list for PBXNativeTarget "cp6-2" */;
			buildPhases = (
				CF439D61E2B08A1DF3F4455A /* [CP] Check Pods Manifest.lock */,
				8FDC3F99232C7F0A0081B7F1 /* Sources */,
				8FDC3F9A232C7F0A0081B7F1 /* Frameworks */,
				8FDC3F9B232C7F0A0081B7F1 /* Resources */,
				D46AF5BBE5583B993253D64B /* [CP] Embed Pods Frameworks */,
			);
			buildRules = (
			);
			dependencies = (
			);
			name = "cp6-2";
			productName = "cp6-2";
			productReference = 8FDC3F9D232C7F0A0081B7F1 /* cp6-2.app */;
			productType = "com.apple.product-type.application";
		};
/* End PBXNativeTarget section */

/* Begin PBXProject section */
		8FDC3F95232C7F0A0081B7F1 /* Project object */ = {
			isa = PBXProject;
			attributes = {
				LastSwiftUpdateCheck = 1030;
				LastUpgradeCheck = 1030;
				ORGANIZATIONNAME = "典昭酒井";
				TargetAttributes = {
					8FDC3F9C232C7F0A0081B7F1 = {
						CreatedOnToolsVersion = 10.3;
					};
				};
			};
			buildConfigurationList = 8FDC3F98232C7F0A0081B7F1 /* Build configuration list for PBXProject "cp6-2" */;
			compatibilityVersion = "Xcode 9.3";
			developmentRegion = en;
			hasScannedForEncodings = 0;
			knownRegions = (
				en,
				Base,
			);
			mainGroup = 8FDC3F94232C7F0A0081B7F1;
			productRefGroup = 8FDC3F9E232C7F0A0081B7F1 /* Products */;
			projectDirPath = "";
			projectRoot = "";
			targets = (
				8FDC3F9C232C7F0A0081B7F1 /* cp6-2 */,
			);
		};
/* End PBXProject section */

/* Begin PBXResourcesBuildPhase section */
		8FDC3F9B232C7F0A0081B7F1 /* Resources */ = {
			isa = PBXResourcesBuildPhase;
			buildActionMask = 2147483647;
			files = (
				8FDC3FBC232C7F710081B7F1 /* TopMainView.xib in Resources */,
				8FDC3FB8232C7F480081B7F1 /* TopViewController.xib in Resources */,
				8FDC3FAE232C7F0A0081B7F1 /* LaunchScreen.storyboard in Resources */,
				8FDC3FC0232C7FDE0081B7F1 /* TopMainCollectionViewCell.xib in Resources */,
				8FDC3FAB232C7F0A0081B7F1 /* Assets.xcassets in Resources */,
				8FDC3FA6232C7F0A0081B7F1 /* Main.storyboard in Resources */,
			);
			runOnlyForDeploymentPostprocessing = 0;
		};
/* End PBXResourcesBuildPhase section */

/* Begin PBXShellScriptBuildPhase section */
		CF439D61E2B08A1DF3F4455A /* [CP] Check Pods Manifest.lock */ = {
			isa = PBXShellScriptBuildPhase;
			buildActionMask = 2147483647;
			files = (
			);
			inputFileListPaths = (
			);
			inputPaths = (
				"${PODS_PODFILE_DIR_PATH}/Podfile.lock",
				"${PODS_ROOT}/Manifest.lock",
			);
			name = "[CP] Check Pods Manifest.lock";
			outputFileListPaths = (
			);
			outputPaths = (
				"$(DERIVED_FILE_DIR)/Pods-cp6-2-checkManifestLockResult.txt",
			);
			runOnlyForDeploymentPostprocessing = 0;
			shellPath = /bin/sh;
			shellScript = "diff \"${PODS_PODFILE_DIR_PATH}/Podfile.lock\" \"${PODS_ROOT}/Manifest.lock\" > /dev/null\nif [ $? != 0 ] ; then\n    # print error to STDERR\n    echo \"error: The sandbox is not in sync with the Podfile.lock. Run 'pod install' or update your CocoaPods installation.\" >&2\n    exit 1\nfi\n# This output is used by Xcode 'outputs' to avoid re-running this script phase.\necho \"SUCCESS\" > \"${SCRIPT_OUTPUT_FILE_0}\"\n";
			showEnvVarsInLog = 0;
		};
		D46AF5BBE5583B993253D64B /* [CP] Embed Pods Frameworks */ = {
			isa = PBXShellScriptBuildPhase;
			buildActionMask = 2147483647;
			files = (
			);
			inputFileListPaths = (
				"${PODS_ROOT}/Target Support Files/Pods-cp6-2/Pods-cp6-2-frameworks-${CONFIGURATION}-input-files.xcfilelist",
			);
			name = "[CP] Embed Pods Frameworks";
			outputFileListPaths = (
				"${PODS_ROOT}/Target Support Files/Pods-cp6-2/Pods-cp6-2-frameworks-${CONFIGURATION}-output-files.xcfilelist",
			);
			runOnlyForDeploymentPostprocessing = 0;
			shellPath = /bin/sh;
			shellScript = "\"${PODS_ROOT}/Target Support Files/Pods-cp6-2/Pods-cp6-2-frameworks.sh\"\n";
			showEnvVarsInLog = 0;
		};
/* End PBXShellScriptBuildPhase section */

/* Begin PBXSourcesBuildPhase section */
		8FDC3F99232C7F0A0081B7F1 /* Sources */ = {
			isa = PBXSourcesBuildPhase;
			buildActionMask = 2147483647;
			files = (
				8FDC3FBF232C7FDE0081B7F1 /* TopMainCollectionViewCell.swift in Sources */,
				8FDC3FB7232C7F480081B7F1 /* TopViewController.swift in Sources */,
				8FDC3FA1232C7F0A0081B7F1 /* AppDelegate.swift in Sources */,
				8FDC3FA9232C7F0A0081B7F1 /* cp6_2.xcdatamodeld in Sources */,
				8FDC3FBB232C7F710081B7F1 /* TopMainView.swift in Sources */,
			);
			runOnlyForDeploymentPostprocessing = 0;
		};
/* End PBXSourcesBuildPhase section */

/* Begin PBXVariantGroup section */
		8FDC3FA4232C7F0A0081B7F1 /* Main.storyboard */ = {
			isa = PBXVariantGroup;
			children = (
				8FDC3FA5232C7F0A0081B7F1 /* Base */,
			);
			name = Main.storyboard;
			sourceTree = "<group>";
		};
		8FDC3FAC232C7F0A0081B7F1 /* LaunchScreen.storyboard */ = {
			isa = PBXVariantGroup;
			children = (
				8FDC3FAD232C7F0A0081B7F1 /* Base */,
			);
			name = LaunchScreen.storyboard;
			sourceTree = "<group>";
		};
/* End PBXVariantGroup section */

/* Begin XCBuildConfiguration section */
		8FDC3FB0232C7F0A0081B7F1 /* Debug */ = {
			isa = XCBuildConfiguration;
			buildSettings = {
				ALWAYS_SEARCH_USER_PATHS = NO;
				CLANG_ANALYZER_NONNULL = YES;
				CLANG_ANALYZER_NUMBER_OBJECT_CONVERSION = YES_AGGRESSIVE;
				CLANG_CXX_LANGUAGE_STANDARD = "gnu++14";
				CLANG_CXX_LIBRARY = "libc++";
				CLANG_ENABLE_MODULES = YES;
				CLANG_ENABLE_OBJC_ARC = YES;
				CLANG_ENABLE_OBJC_WEAK = YES;
				CLANG_WARN_BLOCK_CAPTURE_AUTORELEASING = YES;
				CLANG_WARN_BOOL_CONVERSION = YES;
				CLANG_WARN_COMMA = YES;
				CLANG_WARN_CONSTANT_CONVERSION = YES;
				CLANG_WARN_DEPRECATED_OBJC_IMPLEMENTATIONS = YES;
				CLANG_WARN_DIRECT_OBJC_ISA_USAGE = YES_ERROR;
				CLANG_WARN_DOCUMENTATION_COMMENTS = YES;
				CLANG_WARN_EMPTY_BODY = YES;
				CLANG_WARN_ENUM_CONVERSION = YES;
				CLANG_WARN_INFINITE_RECURSION = YES;
				CLANG_WARN_INT_CONVERSION = YES;
				CLANG_WARN_NON_LITERAL_NULL_CONVERSION = YES;
				CLANG_WARN_OBJC_IMPLICIT_RETAIN_SELF = YES;
				CLANG_WARN_OBJC_LITERAL_CONVERSION = YES;
				CLANG_WARN_OBJC_ROOT_CLASS = YES_ERROR;
				CLANG_WARN_RANGE_LOOP_ANALYSIS = YES;
				CLANG_WARN_STRICT_PROTOTYPES = YES;
				CLANG_WARN_SUSPICIOUS_MOVE = YES;
				CLANG_WARN_UNGUARDED_AVAILABILITY = YES_AGGRESSIVE;
				CLANG_WARN_UNREACHABLE_CODE = YES;
				CLANG_WARN__DUPLICATE_METHOD_MATCH = YES;
				CODE_SIGN_IDENTITY = "iPhone Developer";
				COPY_PHASE_STRIP = NO;
				DEBUG_INFORMATION_FORMAT = dwarf;
				ENABLE_STRICT_OBJC_MSGSEND = YES;
				ENABLE_TESTABILITY = YES;
				GCC_C_LANGUAGE_STANDARD = gnu11;
				GCC_DYNAMIC_NO_PIC = NO;
				GCC_NO_COMMON_BLOCKS = YES;
				GCC_OPTIMIZATION_LEVEL = 0;
				GCC_PREPROCESSOR_DEFINITIONS = (
					"DEBUG=1",
					"$(inherited)",
				);
				GCC_WARN_64_TO_32_BIT_CONVERSION = YES;
				GCC_WARN_ABOUT_RETURN_TYPE = YES_ERROR;
				GCC_WARN_UNDECLARED_SELECTOR = YES;
				GCC_WARN_UNINITIALIZED_AUTOS = YES_AGGRESSIVE;
				GCC_WARN_UNUSED_FUNCTION = YES;
				GCC_WARN_UNUSED_VARIABLE = YES;
				IPHONEOS_DEPLOYMENT_TARGET = 12.4;
				MTL_ENABLE_DEBUG_INFO = INCLUDE_SOURCE;
				MTL_FAST_MATH = YES;
				ONLY_ACTIVE_ARCH = YES;
				SDKROOT = iphoneos;
				SWIFT_ACTIVE_COMPILATION_CONDITIONS = DEBUG;
				SWIFT_OPTIMIZATION_LEVEL = "-Onone";
			};
			name = Debug;
		};
		8FDC3FB1232C7F0A0081B7F1 /* Release */ = {
			isa = XCBuildConfiguration;
			buildSettings = {
				ALWAYS_SEARCH_USER_PATHS = NO;
				CLANG_ANALYZER_NONNULL = YES;
				CLANG_ANALYZER_NUMBER_OBJECT_CONVERSION = YES_AGGRESSIVE;
				CLANG_CXX_LANGUAGE_STANDARD = "gnu++14";
				CLANG_CXX_LIBRARY = "libc++";
				CLANG_ENABLE_MODULES = YES;
				CLANG_ENABLE_OBJC_ARC = YES;
				CLANG_ENABLE_OBJC_WEAK = YES;
				CLANG_WARN_BLOCK_CAPTURE_AUTORELEASING = YES;
				CLANG_WARN_BOOL_CONVERSION = YES;
				CLANG_WARN_COMMA = YES;
				CLANG_WARN_CONSTANT_CONVERSION = YES;
				CLANG_WARN_DEPRECATED_OBJC_IMPLEMENTATIONS = YES;
				CLANG_WARN_DIRECT_OBJC_ISA_USAGE = YES_ERROR;
				CLANG_WARN_DOCUMENTATION_COMMENTS = YES;
				CLANG_WARN_EMPTY_BODY = YES;
				CLANG_WARN_ENUM_CONVERSION = YES;
				CLANG_WARN_INFINITE_RECURSION = YES;
				CLANG_WARN_INT_CONVERSION = YES;
				CLANG_WARN_NON_LITERAL_NULL_CONVERSION = YES;
				CLANG_WARN_OBJC_IMPLICIT_RETAIN_SELF = YES;
				CLANG_WARN_OBJC_LITERAL_CONVERSION = YES;
				CLANG_WARN_OBJC_ROOT_CLASS = YES_ERROR;
				CLANG_WARN_RANGE_LOOP_ANALYSIS = YES;
				CLANG_WARN_STRICT_PROTOTYPES = YES;
				CLANG_WARN_SUSPICIOUS_MOVE = YES;
				CLANG_WARN_UNGUARDED_AVAILABILITY = YES_AGGRESSIVE;
				CLANG_WARN_UNREACHABLE_CODE = YES;
				CLANG_WARN__DUPLICATE_METHOD_MATCH = YES;
				CODE_SIGN_IDENTITY = "iPhone Developer";
				COPY_PHASE_STRIP = NO;
				DEBUG_INFORMATION_FORMAT = "dwarf-with-dsym";
				ENABLE_NS_ASSERTIONS = NO;
				ENABLE_STRICT_OBJC_MSGSEND = YES;
				GCC_C_LANGUAGE_STANDARD = gnu11;
				GCC_NO_COMMON_BLOCKS = YES;
				GCC_WARN_64_TO_32_BIT_CONVERSION = YES;
				GCC_WARN_ABOUT_RETURN_TYPE = YES_ERROR;
				GCC_WARN_UNDECLARED_SELECTOR = YES;
				GCC_WARN_UNINITIALIZED_AUTOS = YES_AGGRESSIVE;
				GCC_WARN_UNUSED_FUNCTION = YES;
				GCC_WARN_UNUSED_VARIABLE = YES;
				IPHONEOS_DEPLOYMENT_TARGET = 12.4;
				MTL_ENABLE_DEBUG_INFO = NO;
				MTL_FAST_MATH = YES;
				SDKROOT = iphoneos;
				SWIFT_COMPILATION_MODE = wholemodule;
				SWIFT_OPTIMIZATION_LEVEL = "-O";
				VALIDATE_PRODUCT = YES;
			};
			name = Release;
		};
		8FDC3FB3232C7F0A0081B7F1 /* Debug */ = {
			isa = XCBuildConfiguration;
			baseConfigurationReference = 8C7E6F4ED61BC225824B00C5 /* Pods-cp6-2.debug.xcconfig */;
			buildSettings = {
				ASSETCATALOG_COMPILER_APPICON_NAME = AppIcon;
				CODE_SIGN_STYLE = Automatic;
				DEVELOPMENT_TEAM = N42P47XR88;
				INFOPLIST_FILE = "cp6-2/Info.plist";
				LD_RUNPATH_SEARCH_PATHS = (
					"$(inherited)",
					"@executable_path/Frameworks",
				);
				PRODUCT_BUNDLE_IDENTIFIER = "com.nori.cp6-2";
				PRODUCT_NAME = "$(TARGET_NAME)";
				SWIFT_VERSION = 5.0;
				TARGETED_DEVICE_FAMILY = "1,2";
			};
			name = Debug;
		};
		8FDC3FB4232C7F0A0081B7F1 /* Release */ = {
			isa = XCBuildConfiguration;
			baseConfigurationReference = 07F7276B9C28DC79B5C2BE57 /* Pods-cp6-2.release.xcconfig */;
			buildSettings = {
				ASSETCATALOG_COMPILER_APPICON_NAME = AppIcon;
				CODE_SIGN_STYLE = Automatic;
				DEVELOPMENT_TEAM = N42P47XR88;
				INFOPLIST_FILE = "cp6-2/Info.plist";
				LD_RUNPATH_SEARCH_PATHS = (
					"$(inherited)",
					"@executable_path/Frameworks",
				);
				PRODUCT_BUNDLE_IDENTIFIER = "com.nori.cp6-2";
				PRODUCT_NAME = "$(TARGET_NAME)";
				SWIFT_VERSION = 5.0;
				TARGETED_DEVICE_FAMILY = "1,2";
			};
			name = Release;
		};
/* End XCBuildConfiguration section */

/* Begin XCConfigurationList section */
		8FDC3F98232C7F0A0081B7F1 /* Build configuration list for PBXProject "cp6-2" */ = {
			isa = XCConfigurationList;
			buildConfigurations = (
				8FDC3FB0232C7F0A0081B7F1 /* Debug */,
				8FDC3FB1232C7F0A0081B7F1 /* Release */,
			);
			defaultConfigurationIsVisible = 0;
			defaultConfigurationName = Release;
		};
		8FDC3FB2232C7F0A0081B7F1 /* Build configuration list for PBXNativeTarget "cp6-2" */ = {
			isa = XCConfigurationList;
			buildConfigurations = (
				8FDC3FB3232C7F0A0081B7F1 /* Debug */,
				8FDC3FB4232C7F0A0081B7F1 /* Release */,
			);
			defaultConfigurationIsVisible = 0;
			defaultConfigurationName = Release;
		};
/* End XCConfigurationList section */

/* Begin XCVersionGroup section */
		8FDC3FA7232C7F0A0081B7F1 /* cp6_2.xcdatamodeld */ = {
			isa = XCVersionGroup;
			children = (
				8FDC3FA8232C7F0A0081B7F1 /* cp6_2.xcdatamodel */,
			);
			currentVersion = 8FDC3FA8232C7F0A0081B7F1 /* cp6_2.xcdatamodel */;
			path = cp6_2.xcdatamodeld;
			sourceTree = "<group>";
			versionGroupType = wrapper.xcdatamodel;
		};
/* End XCVersionGroup section */
	};
	rootObject = 8FDC3F95232C7F0A0081B7F1 /* Project object */;
}
